
Microsoft Visual Studio Solution File, Format Version 12.00
# Visual Studio Version 17
VisualStudioVersion = 17.11.35312.102
MinimumVisualStudioVersion = 10.0.40219.1
Project("{8BC9CEB8-8B4A-11D0-8D11-00A0C91BC942}") = "Numerical Schemes for Linear Advection", "Numerical Schemes for Linear Advection.vcxproj", "{CBDF93A1-CC81-476B-AF6D-9511E0B64825}"
EndProject
Global
	GlobalSection(SolutionConfigurationPlatforms) = preSolution
		Debug|x64 = Debug|x64
		Debug|x86 = Debug|x86
		Release|x64 = Release|x64
		Release|x86 = Release|x86
	EndGlobalSection
	GlobalSection(ProjectConfigurationPlatforms) = postSolution
		{CBDF93A1-CC81-476B-AF6D-9511E0B64825}.Debug|x64.ActiveCfg = Debug|x64
		{CBDF93A1-CC81-476B-AF6D-9511E0B64825}.Debug|x64.Build.0 = Debug|x64
		{CBDF93A1-CC81-476B-AF6D-9511E0B64825}.Debug|x86.ActiveCfg = Debug|Win32
		{CBDF93A1-CC81-476B-AF6D-9511E0B64825}.Debug|x86.Build.0 = Debug|Win32
		{CBDF93A1-CC81-476B-AF6D-9511E0B64825}.Release|x64.ActiveCfg = Release|x64
		{CBDF93A1-CC81-476B-AF6D-9511E0B64825}.Release|x64.Build.0 = Release|x64
		{CBDF93A1-CC81-476B-AF6D-9511E0B64825}.Release|x86.ActiveCfg = Release|Win32
		{CBDF93A1-CC81-476B-AF6D-9511E0B64825}.Release|x86.Build.0 = Release|Win32
	EndGlobalSection
	GlobalSection(SolutionProperties) = preSolution
		HideSolutionNode = FALSE
	EndGlobalSection
	GlobalSection(ExtensibilityGlobals) = postSolution
		SolutionGuid = {8B58E2EB-86C7-4C99-9C71-561754AB8D8B}
	EndGlobalSection
EndGlobal
